// !$*UTF8*$!
{
	archiveVersion = 1;
	classes = {
	};
	objectVersion = 46;
	objects = {

/* Begin PBXBuildFile section */
		CDC25C791D8660D30014DF9B /* AppDelegate.swift in Sources */ = {isa = PBXBuildFile; fileRef = CDC25C781D8660D30014DF9B /* AppDelegate.swift */; };
		CDC25C7B1D8660D30014DF9B /* ViewController.swift in Sources */ = {isa = PBXBuildFile; fileRef = CDC25C7A1D8660D30014DF9B /* ViewController.swift */; };
		CDC25C7E1D8660D30014DF9B /* Main.storyboard in Resources */ = {isa = PBXBuildFile; fileRef = CDC25C7C1D8660D30014DF9B /* Main.storyboard */; };
		CDC25C801D8660D30014DF9B /* Assets.xcassets in Resources */ = {isa = PBXBuildFile; fileRef = CDC25C7F1D8660D30014DF9B /* Assets.xcassets */; };
		CDC25C831D8660D30014DF9B /* LaunchScreen.storyboard in Resources */ = {isa = PBXBuildFile; fileRef = CDC25C811D8660D30014DF9B /* LaunchScreen.storyboard */; };
		CDC25C8E1D8660D30014DF9B /* XLZ_DZDingPingTests.swift in Sources */ = {isa = PBXBuildFile; fileRef = CDC25C8D1D8660D30014DF9B /* XLZ_DZDingPingTests.swift */; };
		CDC25C991D8660D30014DF9B /* XLZ_DZDingPingUITests.swift in Sources */ = {isa = PBXBuildFile; fileRef = CDC25C981D8660D30014DF9B /* XLZ_DZDingPingUITests.swift */; };
/* End PBXBuildFile section */

/* Begin PBXContainerItemProxy section */
		CDC25C8A1D8660D30014DF9B /* PBXContainerItemProxy */ = {
			isa = PBXContainerItemProxy;
			containerPortal = CDC25C6D1D8660D20014DF9B /* Project object */;
			proxyType = 1;
			remoteGlobalIDString = CDC25C741D8660D20014DF9B;
			remoteInfo = XLZ_DZDingPing;
		};
		CDC25C951D8660D30014DF9B /* PBXContainerItemProxy */ = {
			isa = PBXContainerItemProxy;
			containerPortal = CDC25C6D1D8660D20014DF9B /* Project object */;
			proxyType = 1;
			remoteGlobalIDString = CDC25C741D8660D20014DF9B;
			remoteInfo = XLZ_DZDingPing;
		};
/* End PBXContainerItemProxy section */

/* Begin PBXFileReference section */
		CDC25C751D8660D20014DF9B /* XLZ_DZDingPing.app */ = {isa = PBXFileReference; explicitFileType = wrapper.application; includeInIndex = 0; path = XLZ_DZDingPing.app; sourceTree = BUILT_PRODUCTS_DIR; };
		CDC25C781D8660D30014DF9B /* AppDelegate.swift */ = {isa = PBXFileReference; lastKnownFileType = sourcecode.swift; path = AppDelegate.swift; sourceTree = "<group>"; };
		CDC25C7A1D8660D30014DF9B /* ViewController.swift */ = {isa = PBXFileReference; lastKnownFileType = sourcecode.swift; path = ViewController.swift; sourceTree = "<group>"; };
		CDC25C7D1D8660D30014DF9B /* Base */ = {isa = PBXFileReference; lastKnownFileType = file.storyboard; name = Base; path = Base.lproj/Main.storyboard; sourceTree = "<group>"; };
		CDC25C7F1D8660D30014DF9B /* Assets.xcassets */ = {isa = PBXFileReference; lastKnownFileType = folder.assetcatalog; path = Assets.xcassets; sourceTree = "<group>"; };
		CDC25C821D8660D30014DF9B /* Base */ = {isa = PBXFileReference; lastKnownFileType = file.storyboard; name = Base; path = Base.lproj/LaunchScreen.storyboard; sourceTree = "<group>"; };
		CDC25C841D8660D30014DF9B /* Info.plist */ = {isa = PBXFileReference; lastKnownFileType = text.plist.xml; path = Info.plist; sourceTree = "<group>"; };
		CDC25C891D8660D30014DF9B /* XLZ_DZDingPingTests.xctest */ = {isa = PBXFileReference; explicitFileType = wrapper.cfbundle; includeInIndex = 0; path = XLZ_DZDingPingTests.xctest; sourceTree = BUILT_PRODUCTS_DIR; };
		CDC25C8D1D8660D30014DF9B /* XLZ_DZDingPingTests.swift */ = {isa = PBXFileReference; lastKnownFileType = sourcecode.swift; path = XLZ_DZDingPingTests.swift; sourceTree = "<group>"; };
		CDC25C8F1D8660D30014DF9B /* Info.plist */ = {isa = PBXFileReference; lastKnownFileType = text.plist.xml; path = Info.plist; sourceTree = "<group>"; };
		CDC25C941D8660D30014DF9B /* XLZ_DZDingPingUITests.xctest */ = {isa = PBXFileReference; explicitFileType = wrapper.cfbundle; includeInIndex = 0; path = XLZ_DZDingPingUITests.xctest; sourceTree = BUILT_PRODUCTS_DIR; };
		CDC25C981D8660D30014DF9B /* XLZ_DZDingPingUITests.swift */ = {isa = PBXFileReference; lastKnownFileType = sourcecode.swift; path = XLZ_DZDingPingUITests.swift; sourceTree = "<group>"; };
		CDC25C9A1D8660D30014DF9B /* Info.plist */ = {isa = PBXFileReference; lastKnownFileType = text.plist.xml; path = Info.plist; sourceTree = "<group>"; };
/* End PBXFileReference section */

/* Begin PBXFrameworksBuildPhase section */
		CDC25C721D8660D20014DF9B /* Frameworks */ = {
			isa = PBXFrameworksBuildPhase;
			buildActionMask = 2147483647;
			files = (
			);
			runOnlyForDeploymentPostprocessing = 0;
		};
		CDC25C861D8660D30014DF9B /* Frameworks */ = {
			isa = PBXFrameworksBuildPhase;
			buildActionMask = 2147483647;
			files = (
			);
			runOnlyForDeploymentPostprocessing = 0;
		};
		CDC25C911D8660D30014DF9B /* Frameworks */ = {
			isa = PBXFrameworksBuildPhase;
			buildActionMask = 2147483647;
			files = (
			);
			runOnlyForDeploymentPostprocessing = 0;
		};
/* End PBXFrameworksBuildPhase section */

/* Begin PBXGroup section */
		CDC25C6C1D8660D20014DF9B = {
			isa = PBXGroup;
			children = (
				CDC25C771D8660D30014DF9B /* XLZ_DZDingPing */,
				CDC25C8C1D8660D30014DF9B /* XLZ_DZDingPingTests */,
				CDC25C971D8660D30014DF9B /* XLZ_DZDingPingUITests */,
				CDC25C761D8660D20014DF9B /* Products */,
			);
			sourceTree = "<group>";
		};
		CDC25C761D8660D20014DF9B /* Products */ = {
			isa = PBXGroup;
			children = (
				CDC25C751D8660D20014DF9B /* XLZ_DZDingPing.app */,
				CDC25C891D8660D30014DF9B /* XLZ_DZDingPingTests.xctest */,
				CDC25C941D8660D30014DF9B /* XLZ_DZDingPingUITests.xctest */,
			);
			name = Products;
			sourceTree = "<group>";
		};
		CDC25C771D8660D30014DF9B /* XLZ_DZDingPing */ = {
			isa = PBXGroup;
			children = (
				CDC25C781D8660D30014DF9B /* AppDelegate.swift */,
				CDC25C7A1D8660D30014DF9B /* ViewController.swift */,
				CDC25C7C1D8660D30014DF9B /* Main.storyboard */,
				CDC25C7F1D8660D30014DF9B /* Assets.xcassets */,
				CDC25C811D8660D30014DF9B /* LaunchScreen.storyboard */,
				CDC25C841D8660D30014DF9B /* Info.plist */,
			);
			path = XLZ_DZDingPing;
			sourceTree = "<group>";
		};
		CDC25C8C1D8660D30014DF9B /* XLZ_DZDingPingTests */ = {
			isa = PBXGroup;
			children = (
				CDC25C8D1D8660D30014DF9B /* XLZ_DZDingPingTests.swift */,
				CDC25C8F1D8660D30014DF9B /* Info.plist */,
			);
			path = XLZ_DZDingPingTests;
			sourceTree = "<group>";
		};
		CDC25C971D8660D30014DF9B /* XLZ_DZDingPingUITests */ = {
			isa = PBXGroup;
			children = (
				CDC25C981D8660D30014DF9B /* XLZ_DZDingPingUITests.swift */,
				CDC25C9A1D8660D30014DF9B /* Info.plist */,
			);
			path = XLZ_DZDingPingUITests;
			sourceTree = "<group>";
		};
/* End PBXGroup section */

/* Begin PBXNativeTarget section */
		CDC25C741D8660D20014DF9B /* XLZ_DZDingPing */ = {
			isa = PBXNativeTarget;
			buildConfigurationList = CDC25C9D1D8660D30014DF9B /* Build configuration list for PBXNativeTarget "XLZ_DZDingPing" */;
			buildPhases = (
				CDC25C711D8660D20014DF9B /* Sources */,
				CDC25C721D8660D20014DF9B /* Frameworks */,
				CDC25C731D8660D20014DF9B /* Resources */,
			);
			buildRules = (
			);
			dependencies = (
			);
			name = XLZ_DZDingPing;
			productName = XLZ_DZDingPing;
			productReference = CDC25C751D8660D20014DF9B /* XLZ_DZDingPing.app */;
			productType = "com.apple.product-type.application";
		};
		CDC25C881D8660D30014DF9B /* XLZ_DZDingPingTests */ = {
			isa = PBXNativeTarget;
			buildConfigurationList = CDC25CA01D8660D30014DF9B /* Build configuration list for PBXNativeTarget "XLZ_DZDingPingTests" */;
			buildPhases = (
				CDC25C851D8660D30014DF9B /* Sources */,
				CDC25C861D8660D30014DF9B /* Frameworks */,
				CDC25C871D8660D30014DF9B /* Resources */,
			);
			buildRules = (
			);
			dependencies = (
				CDC25C8B1D8660D30014DF9B /* PBXTargetDependency */,
			);
			name = XLZ_DZDingPingTests;
			productName = XLZ_DZDingPingTests;
			productReference = CDC25C891D8660D30014DF9B /* XLZ_DZDingPingTests.xctest */;
			productType = "com.apple.product-type.bundle.unit-test";
		};
		CDC25C931D8660D30014DF9B /* XLZ_DZDingPingUITests */ = {
			isa = PBXNativeTarget;
			buildConfigurationList = CDC25CA31D8660D30014DF9B /* Build configuration list for PBXNativeTarget "XLZ_DZDingPingUITests" */;
			buildPhases = (
				CDC25C901D8660D30014DF9B /* Sources */,
				CDC25C911D8660D30014DF9B /* Frameworks */,
				CDC25C921D8660D30014DF9B /* Resources */,
			);
			buildRules = (
			);
			dependencies = (
				CDC25C961D8660D30014DF9B /* PBXTargetDependency */,
			);
			name = XLZ_DZDingPingUITests;
			productName = XLZ_DZDingPingUITests;
			productReference = CDC25C941D8660D30014DF9B /* XLZ_DZDingPingUITests.xctest */;
			productType = "com.apple.product-type.bundle.ui-testing";
		};
/* End PBXNativeTarget section */

/* Begin PBXProject section */
		CDC25C6D1D8660D20014DF9B /* Project object */ = {
			isa = PBXProject;
			attributes = {
				LastSwiftUpdateCheck = 0730;
				LastUpgradeCheck = 0730;
				ORGANIZATIONNAME = zyhl;
				TargetAttributes = {
					CDC25C741D8660D20014DF9B = {
						CreatedOnToolsVersion = 7.3.1;
					};
					CDC25C881D8660D30014DF9B = {
						CreatedOnToolsVersion = 7.3.1;
						TestTargetID = CDC25C741D8660D20014DF9B;
					};
					CDC25C931D8660D30014DF9B = {
						CreatedOnToolsVersion = 7.3.1;
						TestTargetID = CDC25C741D8660D20014DF9B;
					};
				};
			};
			buildConfigurationList = CDC25C701D8660D20014DF9B /* Build configuration list for PBXProject "XLZ_DZDingPing" */;
			compatibilityVersion = "Xcode 3.2";
			developmentRegion = English;
			hasScannedForEncodings = 0;
			knownRegions = (
				en,
				Base,
			);
			mainGroup = CDC25C6C1D8660D20014DF9B;
			productRefGroup = CDC25C761D8660D20014DF9B /* Products */;
			projectDirPath = "";
			projectRoot = "";
			targets = (
				CDC25C741D8660D20014DF9B /* XLZ_DZDingPing */,
				CDC25C881D8660D30014DF9B /* XLZ_DZDingPingTests */,
				CDC25C931D8660D30014DF9B /* XLZ_DZDingPingUITests */,
			);
		};
/* End PBXProject section */

/* Begin PBXResourcesBuildPhase section */
		CDC25C731D8660D20014DF9B /* Resources */ = {
			isa = PBXResourcesBuildPhase;
			buildActionMask = 2147483647;
			files = (
				CDC25C831D8660D30014DF9B /* LaunchScreen.storyboard in Resources */,
				CDC25C801D8660D30014DF9B /* Assets.xcassets in Resources */,
				CDC25C7E1D8660D30014DF9B /* Main.storyboard in Resources */,
			);
			runOnlyForDeploymentPostprocessing = 0;
		};
		CDC25C871D8660D30014DF9B /* Resources */ = {
			isa = PBXResourcesBuildPhase;
			buildActionMask = 2147483647;
			files = (
			);
			runOnlyForDeploymentPostprocessing = 0;
		};
		CDC25C921D8660D30014DF9B /* Resources */ = {
			isa = PBXResourcesBuildPhase;
			buildActionMask = 2147483647;
			files = (
			);
			runOnlyForDeploymentPostprocessing = 0;
		};
/* End PBXResourcesBuildPhase section */

/* Begin PBXSourcesBuildPhase section */
		CDC25C711D8660D20014DF9B /* Sources */ = {
			isa = PBXSourcesBuildPhase;
			buildActionMask = 2147483647;
			files = (
				CDC25C7B1D8660D30014DF9B /* ViewController.swift in Sources */,
				CDC25C791D8660D30014DF9B /* AppDelegate.swift in Sources */,
			);
			runOnlyForDeploymentPostprocessing = 0;
		};
		CDC25C851D8660D30014DF9B /* Sources */ = {
			isa = PBXSourcesBuildPhase;
			buildActionMask = 2147483647;
			files = (
				CDC25C8E1D8660D30014DF9B /* XLZ_DZDingPingTests.swift in Sources */,
			);
			runOnlyForDeploymentPostprocessing = 0;
		};
		CDC25C901D8660D30014DF9B /* Sources */ = {
			isa = PBXSourcesBuildPhase;
			buildActionMask = 2147483647;
			files = (
				CDC25C991D8660D30014DF9B /* XLZ_DZDingPingUITests.swift in Sources */,
			);
			runOnlyForDeploymentPostprocessing = 0;
		};
/* End PBXSourcesBuildPhase section */

/* Begin PBXTargetDependency section */
		CDC25C8B1D8660D30014DF9B /* PBXTargetDependency */ = {
			isa = PBXTargetDependency;
			target = CDC25C741D8660D20014DF9B /* XLZ_DZDingPing */;
			targetProxy = CDC25C8A1D8660D30014DF9B /* PBXContainerItemProxy */;
		};
		CDC25C961D8660D30014DF9B /* PBXTargetDependency */ = {
			isa = PBXTargetDependency;
			target = CDC25C741D8660D20014DF9B /* XLZ_DZDingPing */;
			targetProxy = CDC25C951D8660D30014DF9B /* PBXContainerItemProxy */;
		};
/* End PBXTargetDependency section */

/* Begin PBXVariantGroup section */
		CDC25C7C1D8660D30014DF9B /* Main.storyboard */ = {
			isa = PBXVariantGroup;
			children = (
				CDC25C7D1D8660D30014DF9B /* Base */,
			);
			name = Main.storyboard;
			sourceTree = "<group>";
		};
		CDC25C811D8660D30014DF9B /* LaunchScreen.storyboard */ = {
			isa = PBXVariantGroup;
			children = (
				CDC25C821D8660D30014DF9B /* Base */,
			);
			name = LaunchScreen.storyboard;
			sourceTree = "<group>";
		};
/* End PBXVariantGroup section */

/* Begin XCBuildConfiguration section */
		CDC25C9B1D8660D30014DF9B /* Debug */ = {
			isa = XCBuildConfiguration;
			buildSettings = {
				ALWAYS_SEARCH_USER_PATHS = NO;
				CLANG_ANALYZER_NONNULL = YES;
				CLANG_CXX_LANGUAGE_STANDARD = "gnu++0x";
				CLANG_CXX_LIBRARY = "libc++";
				CLANG_ENABLE_MODULES = YES;
				CLANG_ENABLE_OBJC_ARC = YES;
				CLANG_WARN_BOOL_CONVERSION = YES;
				CLANG_WARN_CONSTANT_CONVERSION = YES;
				CLANG_WARN_DIRECT_OBJC_ISA_USAGE = YES_ERROR;
				CLANG_WARN_EMPTY_BODY = YES;
				CLANG_WARN_ENUM_CONVERSION = YES;
				CLANG_WARN_INT_CONVERSION = YES;
				CLANG_WARN_OBJC_ROOT_CLASS = YES_ERROR;
				CLANG_WARN_UNREACHABLE_CODE = YES;
				CLANG_WARN__DUPLICATE_METHOD_MATCH = YES;
				"CODE_SIGN_IDENTITY[sdk=iphoneos*]" = "iPhone Developer";
				COPY_PHASE_STRIP = NO;
				DEBUG_INFORMATION_FORMAT = dwarf;
				ENABLE_STRICT_OBJC_MSGSEND = YES;
				ENABLE_TESTABILITY = YES;
				GCC_C_LANGUAGE_STANDARD = gnu99;
				GCC_DYNAMIC_NO_PIC = NO;
				GCC_NO_COMMON_BLOCKS = YES;
				GCC_OPTIMIZATION_LEVEL = 0;
				GCC_PREPROCESSOR_DEFINITIONS = (
					"DEBUG=1",
					"$(inherited)",
				);
				GCC_WARN_64_TO_32_BIT_CONVERSION = YES;
				GCC_WARN_ABOUT_RETURN_TYPE = YES_ERROR;
				GCC_WARN_UNDECLARED_SELECTOR = YES;
				GCC_WARN_UNINITIALIZED_AUTOS = YES_AGGRESSIVE;
				GCC_WARN_UNUSED_FUNCTION = YES;
				GCC_WARN_UNUSED_VARIABLE = YES;
				IPHONEOS_DEPLOYMENT_TARGET = 9.3;
				MTL_ENABLE_DEBUG_INFO = YES;
				ONLY_ACTIVE_ARCH = YES;
				SDKROOT = iphoneos;
				SWIFT_OPTIMIZATION_LEVEL = "-Onone";
				TARGETED_DEVICE_FAMILY = "1,2";
			};
			name = Debug;
		};
		CDC25C9C1D8660D30014DF9B /* Release */ = {
			isa = XCBuildConfiguration;
			buildSettings = {
				ALWAYS_SEARCH_USER_PATHS = NO;
				CLANG_ANALYZER_NONNULL = YES;
				CLANG_CXX_LANGUAGE_STANDARD = "gnu++0x";
				CLANG_CXX_LIBRARY = "libc++";
				CLANG_ENABLE_MODULES = YES;
				CLANG_ENABLE_OBJC_ARC = YES;
				CLANG_WARN_BOOL_CONVERSION = YES;
				CLANG_WARN_CONSTANT_CONVERSION = YES;
				CLANG_WARN_DIRECT_OBJC_ISA_USAGE = YES_ERROR;
				CLANG_WARN_EMPTY_BODY = YES;
				CLANG_WARN_ENUM_CONVERSION = YES;
				CLANG_WARN_INT_CONVERSION = YES;
				CLANG_WARN_OBJC_ROOT_CLASS = YES_ERROR;
				CLANG_WARN_UNREACHABLE_CODE = YES;
				CLANG_WARN__DUPLICATE_METHOD_MATCH = YES;
				"CODE_SIGN_IDENTITY[sdk=iphoneos*]" = "iPhone Developer";
				COPY_PHASE_STRIP = NO;
				DEBUG_INFORMATION_FORMAT = "dwarf-with-dsym";
				ENABLE_NS_ASSERTIONS = NO;
				ENABLE_STRICT_OBJC_MSGSEND = YES;
				GCC_C_LANGUAGE_STANDARD = gnu99;
				GCC_NO_COMMON_BLOCKS = YES;
				GCC_WARN_64_TO_32_BIT_CONVERSION = YES;
				GCC_WARN_ABOUT_RETURN_TYPE = YES_ERROR;
				GCC_WARN_UNDECLARED_SELECTOR = YES;
				GCC_WARN_UNINITIALIZED_AUTOS = YES_AGGRESSIVE;
				GCC_WARN_UNUSED_FUNCTION = YES;
				GCC_WARN_UNUSED_VARIABLE = YES;
				IPHONEOS_DEPLOYMENT_TARGET = 9.3;
				MTL_ENABLE_DEBUG_INFO = NO;
				SDKROOT = iphoneos;
				TARGETED_DEVICE_FAMILY = "1,2";
				VALIDATE_PRODUCT = YES;
			};
			name = Release;
		};
		CDC25C9E1D8660D30014DF9B /* Debug */ = {
			isa = XCBuildConfiguration;
			buildSettings = {
				ASSETCATALOG_COMPILER_APPICON_NAME = AppIcon;
				INFOPLIST_FILE = XLZ_DZDingPing/Info.plist;
				LD_RUNPATH_SEARCH_PATHS = "$(inherited) @executable_path/Frameworks";
				PRODUCT_BUNDLE_IDENTIFIER = "com.jecansoft.XLZ-DZDingPing";
				PRODUCT_NAME = "$(TARGET_NAME)";
			};
			name = Debug;
		};
		CDC25C9F1D8660D30014DF9B /* Release */ = {
			isa = XCBuildConfiguration;
			buildSettings = {
				ASSETCATALOG_COMPILER_APPICON_NAME = AppIcon;
				INFOPLIST_FILE = XLZ_DZDingPing/Info.plist;
				LD_RUNPATH_SEARCH_PATHS = "$(inherited) @executable_path/Frameworks";
				PRODUCT_BUNDLE_IDENTIFIER = "com.jecansoft.XLZ-DZDingPing";
				PRODUCT_NAME = "$(TARGET_NAME)";
			};
			name = Release;
		};
		CDC25CA11D8660D30014DF9B /* Debug */ = {
			isa = XCBuildConfiguration;
			buildSettings = {
				BUNDLE_LOADER = "$(TEST_HOST)";
				INFOPLIST_FILE = XLZ_DZDingPingTests/Info.plist;
				LD_RUNPATH_SEARCH_PATHS = "$(inherited) @executable_path/Frameworks @loader_path/Frameworks";
				PRODUCT_BUNDLE_IDENTIFIER = "com.jecansoft.XLZ-DZDingPingTests";
				PRODUCT_NAME = "$(TARGET_NAME)";
				TEST_HOST = "$(BUILT_PRODUCTS_DIR)/XLZ_DZDingPing.app/XLZ_DZDingPing";
			};
			name = Debug;
		};
		CDC25CA21D8660D30014DF9B /* Release */ = {
			isa = XCBuildConfiguration;
			buildSettings = {
				BUNDLE_LOADER = "$(TEST_HOST)";
				INFOPLIST_FILE = XLZ_DZDingPingTests/Info.plist;
				LD_RUNPATH_SEARCH_PATHS = "$(inherited) @executable_path/Frameworks @loader_path/Frameworks";
				PRODUCT_BUNDLE_IDENTIFIER = "com.jecansoft.XLZ-DZDingPingTests";
				PRODUCT_NAME = "$(TARGET_NAME)";
				TEST_HOST = "$(BUILT_PRODUCTS_DIR)/XLZ_DZDingPing.app/XLZ_DZDingPing";
			};
			name = Release;
		};
		CDC25CA41D8660D30014DF9B /* Debug */ = {
			isa = XCBuildConfiguration;
			buildSettings = {
				INFOPLIST_FILE = XLZ_DZDingPingUITests/Info.plist;
				LD_RUNPATH_SEARCH_PATHS = "$(inherited) @executable_path/Frameworks @loader_path/Frameworks";
				PRODUCT_BUNDLE_IDENTIFIER = "com.jecansoft.XLZ-DZDingPingUITests";
				PRODUCT_NAME = "$(TARGET_NAME)";
				TEST_TARGET_NAME = XLZ_DZDingPing;
			};
			name = Debug;
		};
		CDC25CA51D8660D30014DF9B /* Release */ = {
			isa = XCBuildConfiguration;
			buildSettings = {
				INFOPLIST_FILE = XLZ_DZDingPingUITests/Info.plist;
				LD_RUNPATH_SEARCH_PATHS = "$(inherited) @executable_path/Frameworks @loader_path/Frameworks";
				PRODUCT_BUNDLE_IDENTIFIER = "com.jecansoft.XLZ-DZDingPingUITests";
				PRODUCT_NAME = "$(TARGET_NAME)";
				TEST_TARGET_NAME = XLZ_DZDingPing;
			};
			name = Release;
		};
/* End XCBuildConfiguration section */

/* Begin XCConfigurationList section */
		CDC25C701D8660D20014DF9B /* Build configuration list for PBXProject "XLZ_DZDingPing" */ = {
			isa = XCConfigurationList;
			buildConfigurations = (
				CDC25C9B1D8660D30014DF9B /* Debug */,
				CDC25C9C1D8660D30014DF9B /* Release */,
			);
			defaultConfigurationIsVisible = 0;
			defaultConfigurationName = Release;
		};
		CDC25C9D1D8660D30014DF9B /* Build configuration list for PBXNativeTarget "XLZ_DZDingPing" */ = {
			isa = XCConfigurationList;
			buildConfigurations = (
				CDC25C9E1D8660D30014DF9B /* Debug */,
				CDC25C9F1D8660D30014DF9B /* Release */,
			);
			defaultConfigurationIsVisible = 0;
		};
		CDC25CA01D8660D30014DF9B /* Build configuration list for PBXNativeTarget "XLZ_DZDingPingTests" */ = {
			isa = XCConfigurationList;
			buildConfigurations = (
				CDC25CA11D8660D30014DF9B /* Debug */,
				CDC25CA21D8660D30014DF9B /* Release */,
			);
			defaultConfigurationIsVisible = 0;
		};
		CDC25CA31D8660D30014DF9B /* Build configuration list for PBXNativeTarget "XLZ_DZDingPingUITests" */ = {
			isa = XCConfigurationList;
			buildConfigurations = (
				CDC25CA41D8660D30014DF9B /* Debug */,
				CDC25CA51D8660D30014DF9B /* Release */,
			);
			defaultConfigurationIsVisible = 0;
		};
/* End XCConfigurationList section */
	};
	rootObject = CDC25C6D1D8660D20014DF9B /* Project object */;
}
